
Microsoft Visual Studio Solution File, Format Version 12.00
# Visual Studio Version 17
VisualStudioVersion = 17.6.33815.320
MinimumVisualStudioVersion = 10.0.40219.1
Project("{FAE04EC0-301F-11D3-BF4B-00C04F79EFBC}") = "SofttekWalletFront", "SofttekWalletFront\SofttekWalletFront.csproj", "{19A1670A-8A1A-4CA4-B4BE-A7950A86CEB5}"
EndProject
Project("{FAE04EC0-301F-11D3-BF4B-00C04F79EFBC}") = "Data", "Data\Data.csproj", "{F7BEC015-F283-40F6-A3E1-696C054AA9D5}"
EndProject
Global
	GlobalSection(SolutionConfigurationPlatforms) = preSolution
		Debug|Any CPU = Debug|Any CPU
		Release|Any CPU = Release|Any CPU
	EndGlobalSection
	GlobalSection(ProjectConfigurationPlatforms) = postSolution
		{19A1670A-8A1A-4CA4-B4BE-A7950A86CEB5}.Debug|Any CPU.ActiveCfg = Debug|Any CPU
		{19A1670A-8A1A-4CA4-B4BE-A7950A86CEB5}.Debug|Any CPU.Build.0 = Debug|Any CPU
		{19A1670A-8A1A-4CA4-B4BE-A7950A86CEB5}.Release|Any CPU.ActiveCfg = Release|Any CPU
		{19A1670A-8A1A-4CA4-B4BE-A7950A86CEB5}.Release|Any CPU.Build.0 = Release|Any CPU
		{F7BEC015-F283-40F6-A3E1-696C054AA9D5}.Debug|Any CPU.ActiveCfg = Debug|Any CPU
		{F7BEC015-F283-40F6-A3E1-696C054AA9D5}.Debug|Any CPU.Build.0 = Debug|Any CPU
		{F7BEC015-F283-40F6-A3E1-696C054AA9D5}.Release|Any CPU.ActiveCfg = Release|Any CPU
		{F7BEC015-F283-40F6-A3E1-696C054AA9D5}.Release|Any CPU.Build.0 = Release|Any CPU
	EndGlobalSection
	GlobalSection(SolutionProperties) = preSolution
		HideSolutionNode = FALSE
	EndGlobalSection
	GlobalSection(ExtensibilityGlobals) = postSolution
		SolutionGuid = {C19C1810-C81B-41B7-8840-1F692A29B2F5}
	EndGlobalSection
EndGlobal
